
Microsoft Visual Studio Solution File, Format Version 12.00
# Visual Studio Version 17
VisualStudioVersion = 17.3.32901.215
MinimumVisualStudioVersion = 10.0.40219.1
Project("{FAE04EC0-301F-11D3-BF4B-00C04F79EFBC}") = "ESERCIZIOFINALE", "ESERCIZIOFINALE\ESERCIZIOFINALE.csproj", "{95C04B00-B467-469D-AD0C-A0D8C80D6DBD}"
EndProject
Global
	GlobalSection(SolutionConfigurationPlatforms) = preSolution
		Debug|Any CPU = Debug|Any CPU
		Release|Any CPU = Release|Any CPU
	EndGlobalSection
	GlobalSection(ProjectConfigurationPlatforms) = postSolution
		{95C04B00-B467-469D-AD0C-A0D8C80D6DBD}.Debug|Any CPU.ActiveCfg = Debug|Any CPU
		{95C04B00-B467-469D-AD0C-A0D8C80D6DBD}.Debug|Any CPU.Build.0 = Debug|Any CPU
		{95C04B00-B467-469D-AD0C-A0D8C80D6DBD}.Release|Any CPU.ActiveCfg = Release|Any CPU
		{95C04B00-B467-469D-AD0C-A0D8C80D6DBD}.Release|Any CPU.Build.0 = Release|Any CPU
	EndGlobalSection
	GlobalSection(SolutionProperties) = preSolution
		HideSolutionNode = FALSE
	EndGlobalSection
	GlobalSection(ExtensibilityGlobals) = postSolution
		SolutionGuid = {7DE036FB-7A74-445A-8F1F-BA9360733702}
	EndGlobalSection
EndGlobal
